
Microsoft Visual Studio Solution File, Format Version 12.00
# Visual Studio Version 16
VisualStudioVersion = 16.0.32228.343
MinimumVisualStudioVersion = 10.0.40219.1
Project("{FAE04EC0-301F-11D3-BF4B-00C04F79EFBC}") = "Factorial", "Factorial\Factorial.csproj", "{BA5DAF45-B7A2-4557-B76F-83C88885C74E}"
EndProject
Global
	GlobalSection(SolutionConfigurationPlatforms) = preSolution
		Debug|Any CPU = Debug|Any CPU
		Release|Any CPU = Release|Any CPU
	EndGlobalSection
	GlobalSection(ProjectConfigurationPlatforms) = postSolution
		{BA5DAF45-B7A2-4557-B76F-83C88885C74E}.Debug|Any CPU.ActiveCfg = Debug|Any CPU
		{BA5DAF45-B7A2-4557-B76F-83C88885C74E}.Debug|Any CPU.Build.0 = Debug|Any CPU
		{BA5DAF45-B7A2-4557-B76F-83C88885C74E}.Release|Any CPU.ActiveCfg = Release|Any CPU
		{BA5DAF45-B7A2-4557-B76F-83C88885C74E}.Release|Any CPU.Build.0 = Release|Any CPU
	EndGlobalSection
	GlobalSection(SolutionProperties) = preSolution
		HideSolutionNode = FALSE
	EndGlobalSection
	GlobalSection(ExtensibilityGlobals) = postSolution
		SolutionGuid = {CFAC92B6-78FF-4AD9-8E37-9B9F3795E945}
	EndGlobalSection
EndGlobal
